
Microsoft Visual Studio Solution File, Format Version 12.00
# Visual Studio Version 16
VisualStudioVersion = 16.0.31229.75
MinimumVisualStudioVersion = 10.0.40219.1
Project("{FAE04EC0-301F-11D3-BF4B-00C04F79EFBC}") = "emailengineapi", "emailengineapi\emailengineapi.csproj", "{28F11DE6-29C0-4CAD-8162-F34D69734C23}"
EndProject
Global
	GlobalSection(SolutionConfigurationPlatforms) = preSolution
		Debug|Any CPU = Debug|Any CPU
		Release|Any CPU = Release|Any CPU
	EndGlobalSection
	GlobalSection(ProjectConfigurationPlatforms) = postSolution
		{28F11DE6-29C0-4CAD-8162-F34D69734C23}.Debug|Any CPU.ActiveCfg = Debug|Any CPU
		{28F11DE6-29C0-4CAD-8162-F34D69734C23}.Debug|Any CPU.Build.0 = Debug|Any CPU
		{28F11DE6-29C0-4CAD-8162-F34D69734C23}.Release|Any CPU.ActiveCfg = Release|Any CPU
		{28F11DE6-29C0-4CAD-8162-F34D69734C23}.Release|Any CPU.Build.0 = Release|Any CPU
	EndGlobalSection
	GlobalSection(SolutionProperties) = preSolution
		HideSolutionNode = FALSE
	EndGlobalSection
	GlobalSection(ExtensibilityGlobals) = postSolution
		SolutionGuid = {9495C7B9-A00E-4681-A4AF-EC4389BFD1E6}
	EndGlobalSection
EndGlobal
